# This file is automatically @generated by Poetry 1.4.0 and should not be changed by hand.

[[package]]
name = "jedi"
version = "0.18.2"
description = "An autocompletion tool for Python that can be used for text editors."
category = "main"
optional = false
python-versions = ">=3.6"
files = [
    {file = "jedi-0.18.2-py2.py3-none-any.whl", hash = "sha256:203c1fd9d969ab8f2119ec0a3342e0b49910045abe6af0a3ae83a5764d54639e"},
    {file = "jedi-0.18.2.tar.gz", hash = "sha256:bae794c30d07f6d910d32a7048af09b5a39ed740918da923c6b780790ebac612"},
]

[package.dependencies]
parso = ">=0.8.0,<0.9.0"

[package.extras]
docs = ["Jinja2 (==2.11.3)", "MarkupSafe (==1.1.1)", "Pygments (==2.8.1)", "alabaster (==0.7.12)", "babel (==2.9.1)", "chardet (==4.0.0)", "commonmark (==0.8.1)", "docutils (==0.17.1)", "future (==0.18.2)", "idna (==2.10)", "imagesize (==1.2.0)", "mock (==1.0.1)", "packaging (==20.9)", "pyparsing (==2.4.7)", "pytz (==2021.1)", "readthedocs-sphinx-ext (==2.1.4)", "recommonmark (==0.5.0)", "requests (==2.25.1)", "six (==1.15.0)", "snowballstemmer (==2.1.0)", "sphinx (==1.8.5)", "sphinx-rtd-theme (==0.4.3)", "sphinxcontrib-serializinghtml (==1.1.4)", "sphinxcontrib-websupport (==1.2.4)", "urllib3 (==1.26.4)"]
qa = ["flake8 (==3.8.3)", "mypy (==0.782)"]
testing = ["Django (<3.1)", "attrs", "colorama", "docopt", "pytest (<7.0.0)"]

[[package]]
name = "packaging"
version = "23.0"
description = "Core utilities for Python packages"
category = "main"
optional = false
python-versions = ">=3.7"
files = [
    {file = "packaging-23.0-py3-none-any.whl", hash = "sha256:714ac14496c3e68c99c29b00845f7a2b85f3bb6f1078fd9f72fd20f0570002b2"},
    {file = "packaging-23.0.tar.gz", hash = "sha256:b6ad297f8907de0fa2fe1ccbd26fdaf387f5f47c7275fedf8cce89f99446cf97"},
]

[[package]]
name = "parso"
version = "0.8.3"
description = "A Python Parser"
category = "main"
optional = false
python-versions = ">=3.6"
files = [
    {file = "parso-0.8.3-py2.py3-none-any.whl", hash = "sha256:c001d4636cd3aecdaf33cbb40aebb59b094be2a74c556778ef5576c175e19e75"},
    {file = "parso-0.8.3.tar.gz", hash = "sha256:8c07be290bb59f03588915921e29e8a50002acaf2cdc5fa0e0114f91709fafa0"},
]

[package.extras]
qa = ["flake8 (==3.8.3)", "mypy (==0.782)"]
testing = ["docopt", "pytest (<6.0.0)"]

[[package]]
name = "pyqtconsole"
version = "1.2.2"
description = "Light weight python interpreter, easy to embed into Qt applications"
category = "main"
optional = false
python-versions = ">=2.7"
files = [
    {file = "pyqtconsole-1.2.2-py2.py3-none-any.whl", hash = "sha256:6288772ff445a29b1d1bb853743118e38669807e68fd19d8b7aae899713be7b6"},
    {file = "pyqtconsole-1.2.2.tar.gz", hash = "sha256:074870f8e678b86ec383b506d1bae7859ff0d70d6280183e52de2ae4898f8b1b"},
]

[package.dependencies]
jedi = "*"
qtpy = "*"

[[package]]
name = "pyside2"
version = "5.15.2.1"
description = "Python bindings for the Qt cross-platform application and UI framework"
category = "main"
optional = false
python-versions = ">=2.7, !=3.0.*, !=3.1.*, !=3.2.*, !=3.3.*, !=3.4.*, <3.11"
files = [
    {file = "PySide2-5.15.2.1-5.15.2-cp27-cp27m-macosx_10_13_intel.whl", hash = "sha256:b5e1d92f26b0bbaefff67727ccbb2e1b577f2c0164b349b3d6e80febb4c5bde2"},
    {file = "PySide2-5.15.2.1-5.15.2-cp27-cp27mu-manylinux1_x86_64.whl", hash = "sha256:235240b6ec8206d9fdf0232472c6ef3241783d480425e5b54796f06e39ed23da"},
    {file = "PySide2-5.15.2.1-5.15.2-cp35.cp36.cp37.cp38.cp39.cp310-abi3-macosx_10_13_intel.whl", hash = "sha256:a9e2e6bbcb5d2ebb421e46e72244a0f4fe0943b2288115f80a863aacc1de1f06"},
    {file = "PySide2-5.15.2.1-5.15.2-cp35.cp36.cp37.cp38.cp39.cp310-abi3-manylinux1_x86_64.whl", hash = "sha256:23886c6391ebd916e835fa1b5ae66938048504fd3a2934ae3189a96cd5ac0b46"},
    {file = "PySide2-5.15.2.1-5.15.2-cp35.cp36.cp37.cp38.cp39.cp310-none-win32.whl", hash = "sha256:439509e53cfe05abbf9a99422a2cbad086408b0f9bf5e6f642ff1b13b1f8b055"},
    {file = "PySide2-5.15.2.1-5.15.2-cp35.cp36.cp37.cp38.cp39.cp310-none-win_amd64.whl", hash = "sha256:af6b263fe63ba6dea7eaebae80aa7b291491fe66f4f0057c0aafe780cc83da9d"},
]

[package.dependencies]
shiboken2 = "5.15.2.1"

[[package]]
name = "qtpy"
version = "2.3.0"
description = "Provides an abstraction layer on top of the various Qt bindings (PyQt5/6 and PySide2/6)."
category = "main"
optional = false
python-versions = ">=3.7"
files = [
    {file = "QtPy-2.3.0-py3-none-any.whl", hash = "sha256:8d6d544fc20facd27360ea189592e6135c614785f0dec0b4f083289de6beb408"},
    {file = "QtPy-2.3.0.tar.gz", hash = "sha256:0603c9c83ccc035a4717a12908bf6bc6cb22509827ea2ec0e94c2da7c9ed57c5"},
]

[package.dependencies]
packaging = "*"

[package.extras]
test = ["pytest (>=6,!=7.0.0,!=7.0.1)", "pytest-cov (>=3.0.0)", "pytest-qt"]

[[package]]
name = "shiboken2"
version = "5.15.2.1"
description = "Python / C++ bindings helper module"
category = "main"
optional = false
python-versions = ">=2.7, !=3.0.*, !=3.1.*, !=3.2.*, !=3.3.*, !=3.4.*, <3.11"
files = [
    {file = "shiboken2-5.15.2.1-5.15.2-cp27-cp27m-macosx_10_13_intel.whl", hash = "sha256:f890f5611ab8f48b88cfecb716da2ac55aef99e2923198cefcf781842888ea65"},
    {file = "shiboken2-5.15.2.1-5.15.2-cp27-cp27mu-manylinux1_x86_64.whl", hash = "sha256:87079c07587859a525b9800d60b1be971338ce9b371d6ead81f15ee5a46d448b"},
    {file = "shiboken2-5.15.2.1-5.15.2-cp35.cp36.cp37.cp38.cp39.cp310-abi3-macosx_10_13_intel.whl", hash = "sha256:ffd3d0ec3d508e592d7ee3885d27fee1f279a49989f734eb130f46d9501273a9"},
    {file = "shiboken2-5.15.2.1-5.15.2-cp35.cp36.cp37.cp38.cp39.cp310-abi3-manylinux1_x86_64.whl", hash = "sha256:63debfcc531b6a2b4985aa9b71433d2ad3bac542acffc729cc0ecaa3854390c0"},
    {file = "shiboken2-5.15.2.1-5.15.2-cp35.cp36.cp37.cp38.cp39.cp310-none-win32.whl", hash = "sha256:eb0da44b6fa60c6bd317b8f219e500595e94e0322b33ec5b4e9f406bedaee555"},
    {file = "shiboken2-5.15.2.1-5.15.2-cp35.cp36.cp37.cp38.cp39.cp310-none-win_amd64.whl", hash = "sha256:a0d0fdeb12b72c8af349b9642ccc67afd783dca449309f45e78cda50272fd6b7"},
]

[metadata]
lock-version = "2.0"
python-versions = ">=3.10,<3.11"
content-hash = "3209dda2023a4cda3aebf3fcc0d3bd693f0659d64ab0c296419df963c2f16f26"
